// !$*UTF8*$!
{
	archiveVersion = 1;
	classes = {
	};
	objectVersion = 50;
	objects = {

/* Begin PBXBuildFile section */
		A08BF47A25E39E8600E0AFF4 /* AppDelegate.swift in Sources */ = {isa = PBXBuildFile; fileRef = A08BF47925E39E8600E0AFF4 /* AppDelegate.swift */; };
		A08BF47C25E39E8600E0AFF4 /* SceneDelegate.swift in Sources */ = {isa = PBXBuildFile; fileRef = A08BF47B25E39E8600E0AFF4 /* SceneDelegate.swift */; };
		A08BF47E25E39E8600E0AFF4 /* ViewController.swift in Sources */ = {isa = PBXBuildFile; fileRef = A08BF47D25E39E8600E0AFF4 /* ViewController.swift */; };
		A08BF48125E39E8600E0AFF4 /* Main.storyboard in Resources */ = {isa = PBXBuildFile; fileRef = A08BF47F25E39E8600E0AFF4 /* Main.storyboard */; };
		A08BF48325E39E8700E0AFF4 /* Assets.xcassets in Resources */ = {isa = PBXBuildFile; fileRef = A08BF48225E39E8700E0AFF4 /* Assets.xcassets */; };
		A08BF48625E39E8700E0AFF4 /* LaunchScreen.storyboard in Resources */ = {isa = PBXBuildFile; fileRef = A08BF48425E39E8700E0AFF4 /* LaunchScreen.storyboard */; };
		A08BF49125E39E8700E0AFF4 /* JUnitTestsTests.swift in Sources */ = {isa = PBXBuildFile; fileRef = A08BF49025E39E8700E0AFF4 /* JUnitTestsTests.swift */; };
		A08BF49C25E39E8700E0AFF4 /* JUnitTestsUITests.swift in Sources */ = {isa = PBXBuildFile; fileRef = A08BF49B25E39E8700E0AFF4 /* JUnitTestsUITests.swift */; };
		A08BF4AD25E641C400E0AFF4 /* ViewControllerTest.swift in Sources */ = {isa = PBXBuildFile; fileRef = A08BF4AC25E641C400E0AFF4 /* ViewControllerTest.swift */; };
/* End PBXBuildFile section */

/* Begin PBXContainerItemProxy section */
		A08BF48D25E39E8700E0AFF4 /* PBXContainerItemProxy */ = {
			isa = PBXContainerItemProxy;
			containerPortal = A08BF46E25E39E8600E0AFF4 /* Project object */;
			proxyType = 1;
			remoteGlobalIDString = A08BF47525E39E8600E0AFF4;
			remoteInfo = JUnitTests;
		};
		A08BF49825E39E8700E0AFF4 /* PBXContainerItemProxy */ = {
			isa = PBXContainerItemProxy;
			containerPortal = A08BF46E25E39E8600E0AFF4 /* Project object */;
			proxyType = 1;
			remoteGlobalIDString = A08BF47525E39E8600E0AFF4;
			remoteInfo = JUnitTests;
		};
/* End PBXContainerItemProxy section */

/* Begin PBXFileReference section */
		A08BF47625E39E8600E0AFF4 /* JUnitTests.app */ = {isa = PBXFileReference; explicitFileType = wrapper.application; includeInIndex = 0; path = JUnitTests.app; sourceTree = BUILT_PRODUCTS_DIR; };
		A08BF47925E39E8600E0AFF4 /* AppDelegate.swift */ = {isa = PBXFileReference; lastKnownFileType = sourcecode.swift; path = AppDelegate.swift; sourceTree = "<group>"; };
		A08BF47B25E39E8600E0AFF4 /* SceneDelegate.swift */ = {isa = PBXFileReference; lastKnownFileType = sourcecode.swift; path = SceneDelegate.swift; sourceTree = "<group>"; };
		A08BF47D25E39E8600E0AFF4 /* ViewController.swift */ = {isa = PBXFileReference; lastKnownFileType = sourcecode.swift; path = ViewController.swift; sourceTree = "<group>"; };
		A08BF48025E39E8600E0AFF4 /* Base */ = {isa = PBXFileReference; lastKnownFileType = file.storyboard; name = Base; path = Base.lproj/Main.storyboard; sourceTree = "<group>"; };
		A08BF48225E39E8700E0AFF4 /* Assets.xcassets */ = {isa = PBXFileReference; lastKnownFileType = folder.assetcatalog; path = Assets.xcassets; sourceTree = "<group>"; };
		A08BF48525E39E8700E0AFF4 /* Base */ = {isa = PBXFileReference; lastKnownFileType = file.storyboard; name = Base; path = Base.lproj/LaunchScreen.storyboard; sourceTree = "<group>"; };
		A08BF48725E39E8700E0AFF4 /* Info.plist */ = {isa = PBXFileReference; lastKnownFileType = text.plist.xml; path = Info.plist; sourceTree = "<group>"; };
		A08BF48C25E39E8700E0AFF4 /* JUnitTestsTests.xctest */ = {isa = PBXFileReference; explicitFileType = wrapper.cfbundle; includeInIndex = 0; path = JUnitTestsTests.xctest; sourceTree = BUILT_PRODUCTS_DIR; };
		A08BF49025E39E8700E0AFF4 /* JUnitTestsTests.swift */ = {isa = PBXFileReference; lastKnownFileType = sourcecode.swift; path = JUnitTestsTests.swift; sourceTree = "<group>"; };
		A08BF49225E39E8700E0AFF4 /* Info.plist */ = {isa = PBXFileReference; lastKnownFileType = text.plist.xml; path = Info.plist; sourceTree = "<group>"; };
		A08BF49725E39E8700E0AFF4 /* JUnitTestsUITests.xctest */ = {isa = PBXFileReference; explicitFileType = wrapper.cfbundle; includeInIndex = 0; path = JUnitTestsUITests.xctest; sourceTree = BUILT_PRODUCTS_DIR; };
		A08BF49B25E39E8700E0AFF4 /* JUnitTestsUITests.swift */ = {isa = PBXFileReference; lastKnownFileType = sourcecode.swift; path = JUnitTestsUITests.swift; sourceTree = "<group>"; };
		A08BF49D25E39E8700E0AFF4 /* Info.plist */ = {isa = PBXFileReference; lastKnownFileType = text.plist.xml; path = Info.plist; sourceTree = "<group>"; };
		A08BF4AC25E641C400E0AFF4 /* ViewControllerTest.swift */ = {isa = PBXFileReference; lastKnownFileType = sourcecode.swift; path = ViewControllerTest.swift; sourceTree = "<group>"; };
/* End PBXFileReference section */

/* Begin PBXFrameworksBuildPhase section */
		A08BF47325E39E8600E0AFF4 /* Frameworks */ = {
			isa = PBXFrameworksBuildPhase;
			buildActionMask = 2147483647;
			files = (
			);
			runOnlyForDeploymentPostprocessing = 0;
		};
		A08BF48925E39E8700E0AFF4 /* Frameworks */ = {
			isa = PBXFrameworksBuildPhase;
			buildActionMask = 2147483647;
			files = (
			);
			runOnlyForDeploymentPostprocessing = 0;
		};
		A08BF49425E39E8700E0AFF4 /* Frameworks */ = {
			isa = PBXFrameworksBuildPhase;
			buildActionMask = 2147483647;
			files = (
			);
			runOnlyForDeploymentPostprocessing = 0;
		};
/* End PBXFrameworksBuildPhase section */

/* Begin PBXGroup section */
		A08BF46D25E39E8600E0AFF4 = {
			isa = PBXGroup;
			children = (
				A08BF47825E39E8600E0AFF4 /* JUnitTests */,
				A08BF48F25E39E8700E0AFF4 /* JUnitTestsTests */,
				A08BF49A25E39E8700E0AFF4 /* JUnitTestsUITests */,
				A08BF47725E39E8600E0AFF4 /* Products */,
			);
			sourceTree = "<group>";
		};
		A08BF47725E39E8600E0AFF4 /* Products */ = {
			isa = PBXGroup;
			children = (
				A08BF47625E39E8600E0AFF4 /* JUnitTests.app */,
				A08BF48C25E39E8700E0AFF4 /* JUnitTestsTests.xctest */,
				A08BF49725E39E8700E0AFF4 /* JUnitTestsUITests.xctest */,
			);
			name = Products;
			sourceTree = "<group>";
		};
		A08BF47825E39E8600E0AFF4 /* JUnitTests */ = {
			isa = PBXGroup;
			children = (
				A08BF47925E39E8600E0AFF4 /* AppDelegate.swift */,
				A08BF47B25E39E8600E0AFF4 /* SceneDelegate.swift */,
				A08BF47D25E39E8600E0AFF4 /* ViewController.swift */,
				A08BF47F25E39E8600E0AFF4 /* Main.storyboard */,
				A08BF48225E39E8700E0AFF4 /* Assets.xcassets */,
				A08BF48425E39E8700E0AFF4 /* LaunchScreen.storyboard */,
				A08BF48725E39E8700E0AFF4 /* Info.plist */,
			);
			path = JUnitTests;
			sourceTree = "<group>";
		};
		A08BF48F25E39E8700E0AFF4 /* JUnitTestsTests */ = {
			isa = PBXGroup;
			children = (
				A08BF49025E39E8700E0AFF4 /* JUnitTestsTests.swift */,
				A08BF4AC25E641C400E0AFF4 /* ViewControllerTest.swift */,
				A08BF49225E39E8700E0AFF4 /* Info.plist */,
			);
			path = JUnitTestsTests;
			sourceTree = "<group>";
		};
		A08BF49A25E39E8700E0AFF4 /* JUnitTestsUITests */ = {
			isa = PBXGroup;
			children = (
				A08BF49B25E39E8700E0AFF4 /* JUnitTestsUITests.swift */,
				A08BF49D25E39E8700E0AFF4 /* Info.plist */,
			);
			path = JUnitTestsUITests;
			sourceTree = "<group>";
		};
/* End PBXGroup section */

/* Begin PBXNativeTarget section */
		A08BF47525E39E8600E0AFF4 /* JUnitTests */ = {
			isa = PBXNativeTarget;
			buildConfigurationList = A08BF4A025E39E8700E0AFF4 /* Build configuration list for PBXNativeTarget "JUnitTests" */;
			buildPhases = (
				A08BF47225E39E8600E0AFF4 /* Sources */,
				A08BF47325E39E8600E0AFF4 /* Frameworks */,
				A08BF47425E39E8600E0AFF4 /* Resources */,
			);
			buildRules = (
			);
			dependencies = (
			);
			name = JUnitTests;
			productName = JUnitTests;
			productReference = A08BF47625E39E8600E0AFF4 /* JUnitTests.app */;
			productType = "com.apple.product-type.application";
		};
		A08BF48B25E39E8700E0AFF4 /* JUnitTestsTests */ = {
			isa = PBXNativeTarget;
			buildConfigurationList = A08BF4A325E39E8700E0AFF4 /* Build configuration list for PBXNativeTarget "JUnitTestsTests" */;
			buildPhases = (
				A08BF48825E39E8700E0AFF4 /* Sources */,
				A08BF48925E39E8700E0AFF4 /* Frameworks */,
				A08BF48A25E39E8700E0AFF4 /* Resources */,
			);
			buildRules = (
			);
			dependencies = (
				A08BF48E25E39E8700E0AFF4 /* PBXTargetDependency */,
			);
			name = JUnitTestsTests;
			productName = JUnitTestsTests;
			productReference = A08BF48C25E39E8700E0AFF4 /* JUnitTestsTests.xctest */;
			productType = "com.apple.product-type.bundle.unit-test";
		};
		A08BF49625E39E8700E0AFF4 /* JUnitTestsUITests */ = {
			isa = PBXNativeTarget;
			buildConfigurationList = A08BF4A625E39E8700E0AFF4 /* Build configuration list for PBXNativeTarget "JUnitTestsUITests" */;
			buildPhases = (
				A08BF49325E39E8700E0AFF4 /* Sources */,
				A08BF49425E39E8700E0AFF4 /* Frameworks */,
				A08BF49525E39E8700E0AFF4 /* Resources */,
			);
			buildRules = (
			);
			dependencies = (
				A08BF49925E39E8700E0AFF4 /* PBXTargetDependency */,
			);
			name = JUnitTestsUITests;
			productName = JUnitTestsUITests;
			productReference = A08BF49725E39E8700E0AFF4 /* JUnitTestsUITests.xctest */;
			productType = "com.apple.product-type.bundle.ui-testing";
		};
/* End PBXNativeTarget section */

/* Begin PBXProject section */
		A08BF46E25E39E8600E0AFF4 /* Project object */ = {
			isa = PBXProject;
			attributes = {
				LastSwiftUpdateCheck = 1200;
				LastUpgradeCheck = 1200;
				TargetAttributes = {
					A08BF47525E39E8600E0AFF4 = {
						CreatedOnToolsVersion = 12.0.1;
					};
					A08BF48B25E39E8700E0AFF4 = {
						CreatedOnToolsVersion = 12.0.1;
						TestTargetID = A08BF47525E39E8600E0AFF4;
					};
					A08BF49625E39E8700E0AFF4 = {
						CreatedOnToolsVersion = 12.0.1;
						TestTargetID = A08BF47525E39E8600E0AFF4;
					};
				};
			};
			buildConfigurationList = A08BF47125E39E8600E0AFF4 /* Build configuration list for PBXProject "JUnitTests" */;
			compatibilityVersion = "Xcode 9.3";
			developmentRegion = en;
			hasScannedForEncodings = 0;
			knownRegions = (
				en,
				Base,
			);
			mainGroup = A08BF46D25E39E8600E0AFF4;
			productRefGroup = A08BF47725E39E8600E0AFF4 /* Products */;
			projectDirPath = "";
			projectRoot = "";
			targets = (
				A08BF47525E39E8600E0AFF4 /* JUnitTests */,
				A08BF48B25E39E8700E0AFF4 /* JUnitTestsTests */,
				A08BF49625E39E8700E0AFF4 /* JUnitTestsUITests */,
			);
		};
/* End PBXProject section */

/* Begin PBXResourcesBuildPhase section */
		A08BF47425E39E8600E0AFF4 /* Resources */ = {
			isa = PBXResourcesBuildPhase;
			buildActionMask = 2147483647;
			files = (
				A08BF48625E39E8700E0AFF4 /* LaunchScreen.storyboard in Resources */,
				A08BF48325E39E8700E0AFF4 /* Assets.xcassets in Resources */,
				A08BF48125E39E8600E0AFF4 /* Main.storyboard in Resources */,
			);
			runOnlyForDeploymentPostprocessing = 0;
		};
		A08BF48A25E39E8700E0AFF4 /* Resources */ = {
			isa = PBXResourcesBuildPhase;
			buildActionMask = 2147483647;
			files = (
			);
			runOnlyForDeploymentPostprocessing = 0;
		};
		A08BF49525E39E8700E0AFF4 /* Resources */ = {
			isa = PBXResourcesBuildPhase;
			buildActionMask = 2147483647;
			files = (
			);
			runOnlyForDeploymentPostprocessing = 0;
		};
/* End PBXResourcesBuildPhase section */

/* Begin PBXSourcesBuildPhase section */
		A08BF47225E39E8600E0AFF4 /* Sources */ = {
			isa = PBXSourcesBuildPhase;
			buildActionMask = 2147483647;
			files = (
				A08BF47E25E39E8600E0AFF4 /* ViewController.swift in Sources */,
				A08BF47A25E39E8600E0AFF4 /* AppDelegate.swift in Sources */,
				A08BF47C25E39E8600E0AFF4 /* SceneDelegate.swift in Sources */,
			);
			runOnlyForDeploymentPostprocessing = 0;
		};
		A08BF48825E39E8700E0AFF4 /* Sources */ = {
			isa = PBXSourcesBuildPhase;
			buildActionMask = 2147483647;
			files = (
				A08BF4AD25E641C400E0AFF4 /* ViewControllerTest.swift in Sources */,
				A08BF49125E39E8700E0AFF4 /* JUnitTestsTests.swift in Sources */,
			);
			runOnlyForDeploymentPostprocessing = 0;
		};
		A08BF49325E39E8700E0AFF4 /* Sources */ = {
			isa = PBXSourcesBuildPhase;
			buildActionMask = 2147483647;
			files = (
				A08BF49C25E39E8700E0AFF4 /* JUnitTestsUITests.swift in Sources */,
			);
			runOnlyForDeploymentPostprocessing = 0;
		};
/* End PBXSourcesBuildPhase section */

/* Begin PBXTargetDependency section */
		A08BF48E25E39E8700E0AFF4 /* PBXTargetDependency */ = {
			isa = PBXTargetDependency;
			target = A08BF47525E39E8600E0AFF4 /* JUnitTests */;
			targetProxy = A08BF48D25E39E8700E0AFF4 /* PBXContainerItemProxy */;
		};
		A08BF49925E39E8700E0AFF4 /* PBXTargetDependency */ = {
			isa = PBXTargetDependency;
			target = A08BF47525E39E8600E0AFF4 /* JUnitTests */;
			targetProxy = A08BF49825E39E8700E0AFF4 /* PBXContainerItemProxy */;
		};
/* End PBXTargetDependency section */

/* Begin PBXVariantGroup section */
		A08BF47F25E39E8600E0AFF4 /* Main.storyboard */ = {
			isa = PBXVariantGroup;
			children = (
				A08BF48025E39E8600E0AFF4 /* Base */,
			);
			name = Main.storyboard;
			sourceTree = "<group>";
		};
		A08BF48425E39E8700E0AFF4 /* LaunchScreen.storyboard */ = {
			isa = PBXVariantGroup;
			children = (
				A08BF48525E39E8700E0AFF4 /* Base */,
			);
			name = LaunchScreen.storyboard;
			sourceTree = "<group>";
		};
/* End PBXVariantGroup section */

/* Begin XCBuildConfiguration section */
		A08BF49E25E39E8700E0AFF4 /* Debug */ = {
			isa = XCBuildConfiguration;
			buildSettings = {
				ALWAYS_SEARCH_USER_PATHS = NO;
				CLANG_ANALYZER_NONNULL = YES;
				CLANG_ANALYZER_NUMBER_OBJECT_CONVERSION = YES_AGGRESSIVE;
				CLANG_CXX_LANGUAGE_STANDARD = "gnu++14";
				CLANG_CXX_LIBRARY = "libc++";
				CLANG_ENABLE_MODULES = YES;
				CLANG_ENABLE_OBJC_ARC = YES;
				CLANG_ENABLE_OBJC_WEAK = YES;
				CLANG_WARN_BLOCK_CAPTURE_AUTORELEASING = YES;
				CLANG_WARN_BOOL_CONVERSION = YES;
				CLANG_WARN_COMMA = YES;
				CLANG_WARN_CONSTANT_CONVERSION = YES;
				CLANG_WARN_DEPRECATED_OBJC_IMPLEMENTATIONS = YES;
				CLANG_WARN_DIRECT_OBJC_ISA_USAGE = YES_ERROR;
				CLANG_WARN_DOCUMENTATION_COMMENTS = YES;
				CLANG_WARN_EMPTY_BODY = YES;
				CLANG_WARN_ENUM_CONVERSION = YES;
				CLANG_WARN_INFINITE_RECURSION = YES;
				CLANG_WARN_INT_CONVERSION = YES;
				CLANG_WARN_NON_LITERAL_NULL_CONVERSION = YES;
				CLANG_WARN_OBJC_IMPLICIT_RETAIN_SELF = YES;
				CLANG_WARN_OBJC_LITERAL_CONVERSION = YES;
				CLANG_WARN_OBJC_ROOT_CLASS = YES_ERROR;
				CLANG_WARN_QUOTED_INCLUDE_IN_FRAMEWORK_HEADER = YES;
				CLANG_WARN_RANGE_LOOP_ANALYSIS = YES;
				CLANG_WARN_STRICT_PROTOTYPES = YES;
				CLANG_WARN_SUSPICIOUS_MOVE = YES;
				CLANG_WARN_UNGUARDED_AVAILABILITY = YES_AGGRESSIVE;
				CLANG_WARN_UNREACHABLE_CODE = YES;
				CLANG_WARN__DUPLICATE_METHOD_MATCH = YES;
				COPY_PHASE_STRIP = NO;
				DEBUG_INFORMATION_FORMAT = dwarf;
				ENABLE_STRICT_OBJC_MSGSEND = YES;
				ENABLE_TESTABILITY = YES;
				GCC_C_LANGUAGE_STANDARD = gnu11;
				GCC_DYNAMIC_NO_PIC = NO;
				GCC_NO_COMMON_BLOCKS = YES;
				GCC_OPTIMIZATION_LEVEL = 0;
				GCC_PREPROCESSOR_DEFINITIONS = (
					"DEBUG=1",
					"$(inherited)",
				);
				GCC_WARN_64_TO_32_BIT_CONVERSION = YES;
				GCC_WARN_ABOUT_RETURN_TYPE = YES_ERROR;
				GCC_WARN_UNDECLARED_SELECTOR = YES;
				GCC_WARN_UNINITIALIZED_AUTOS = YES_AGGRESSIVE;
				GCC_WARN_UNUSED_FUNCTION = YES;
				GCC_WARN_UNUSED_VARIABLE = YES;
				IPHONEOS_DEPLOYMENT_TARGET = 14.0;
				MTL_ENABLE_DEBUG_INFO = INCLUDE_SOURCE;
				MTL_FAST_MATH = YES;
				ONLY_ACTIVE_ARCH = YES;
				SDKROOT = iphoneos;
				SWIFT_ACTIVE_COMPILATION_CONDITIONS = DEBUG;
				SWIFT_OPTIMIZATION_LEVEL = "-Onone";
			};
			name = Debug;
		};
		A08BF49F25E39E8700E0AFF4 /* Release */ = {
			isa = XCBuildConfiguration;
			buildSettings = {
				ALWAYS_SEARCH_USER_PATHS = NO;
				CLANG_ANALYZER_NONNULL = YES;
				CLANG_ANALYZER_NUMBER_OBJECT_CONVERSION = YES_AGGRESSIVE;
				CLANG_CXX_LANGUAGE_STANDARD = "gnu++14";
				CLANG_CXX_LIBRARY = "libc++";
				CLANG_ENABLE_MODULES = YES;
				CLANG_ENABLE_OBJC_ARC = YES;
				CLANG_ENABLE_OBJC_WEAK = YES;
				CLANG_WARN_BLOCK_CAPTURE_AUTORELEASING = YES;
				CLANG_WARN_BOOL_CONVERSION = YES;
				CLANG_WARN_COMMA = YES;
				CLANG_WARN_CONSTANT_CONVERSION = YES;
				CLANG_WARN_DEPRECATED_OBJC_IMPLEMENTATIONS = YES;
				CLANG_WARN_DIRECT_OBJC_ISA_USAGE = YES_ERROR;
				CLANG_WARN_DOCUMENTATION_COMMENTS = YES;
				CLANG_WARN_EMPTY_BODY = YES;
				CLANG_WARN_ENUM_CONVERSION = YES;
				CLANG_WARN_INFINITE_RECURSION = YES;
				CLANG_WARN_INT_CONVERSION = YES;
				CLANG_WARN_NON_LITERAL_NULL_CONVERSION = YES;
				CLANG_WARN_OBJC_IMPLICIT_RETAIN_SELF = YES;
				CLANG_WARN_OBJC_LITERAL_CONVERSION = YES;
				CLANG_WARN_OBJC_ROOT_CLASS = YES_ERROR;
				CLANG_WARN_QUOTED_INCLUDE_IN_FRAMEWORK_HEADER = YES;
				CLANG_WARN_RANGE_LOOP_ANALYSIS = YES;
				CLANG_WARN_STRICT_PROTOTYPES = YES;
				CLANG_WARN_SUSPICIOUS_MOVE = YES;
				CLANG_WARN_UNGUARDED_AVAILABILITY = YES_AGGRESSIVE;
				CLANG_WARN_UNREACHABLE_CODE = YES;
				CLANG_WARN__DUPLICATE_METHOD_MATCH = YES;
				COPY_PHASE_STRIP = NO;
				DEBUG_INFORMATION_FORMAT = "dwarf-with-dsym";
				ENABLE_NS_ASSERTIONS = NO;
				ENABLE_STRICT_OBJC_MSGSEND = YES;
				GCC_C_LANGUAGE_STANDARD = gnu11;
				GCC_NO_COMMON_BLOCKS = YES;
				GCC_WARN_64_TO_32_BIT_CONVERSION = YES;
				GCC_WARN_ABOUT_RETURN_TYPE = YES_ERROR;
				GCC_WARN_UNDECLARED_SELECTOR = YES;
				GCC_WARN_UNINITIALIZED_AUTOS = YES_AGGRESSIVE;
				GCC_WARN_UNUSED_FUNCTION = YES;
				GCC_WARN_UNUSED_VARIABLE = YES;
				IPHONEOS_DEPLOYMENT_TARGET = 14.0;
				MTL_ENABLE_DEBUG_INFO = NO;
				MTL_FAST_MATH = YES;
				SDKROOT = iphoneos;
				SWIFT_COMPILATION_MODE = wholemodule;
				SWIFT_OPTIMIZATION_LEVEL = "-O";
				VALIDATE_PRODUCT = YES;
			};
			name = Release;
		};
		A08BF4A125E39E8700E0AFF4 /* Debug */ = {
			isa = XCBuildConfiguration;
			buildSettings = {
				ASSETCATALOG_COMPILER_APPICON_NAME = AppIcon;
				ASSETCATALOG_COMPILER_GLOBAL_ACCENT_COLOR_NAME = AccentColor;
				CODE_SIGN_STYLE = Automatic;
				INFOPLIST_FILE = JUnitTests/Info.plist;
				LD_RUNPATH_SEARCH_PATHS = (
					"$(inherited)",
					"@executable_path/Frameworks",
				);
				PRODUCT_BUNDLE_IDENTIFIER = com.jps.JUnitTests;
				PRODUCT_NAME = "$(TARGET_NAME)";
				SWIFT_VERSION = 5.0;
				TARGETED_DEVICE_FAMILY = "1,2";
			};
			name = Debug;
		};
		A08BF4A225E39E8700E0AFF4 /* Release */ = {
			isa = XCBuildConfiguration;
			buildSettings = {
				ASSETCATALOG_COMPILER_APPICON_NAME = AppIcon;
				ASSETCATALOG_COMPILER_GLOBAL_ACCENT_COLOR_NAME = AccentColor;
				CODE_SIGN_STYLE = Automatic;
				INFOPLIST_FILE = JUnitTests/Info.plist;
				LD_RUNPATH_SEARCH_PATHS = (
					"$(inherited)",
					"@executable_path/Frameworks",
				);
				PRODUCT_BUNDLE_IDENTIFIER = com.jps.JUnitTests;
				PRODUCT_NAME = "$(TARGET_NAME)";
				SWIFT_VERSION = 5.0;
				TARGETED_DEVICE_FAMILY = "1,2";
			};
			name = Release;
		};
		A08BF4A425E39E8700E0AFF4 /* Debug */ = {
			isa = XCBuildConfiguration;
			buildSettings = {
				ALWAYS_EMBED_SWIFT_STANDARD_LIBRARIES = YES;
				BUNDLE_LOADER = "$(TEST_HOST)";
				CODE_SIGN_STYLE = Automatic;
				INFOPLIST_FILE = JUnitTestsTests/Info.plist;
				IPHONEOS_DEPLOYMENT_TARGET = 14.0;
				LD_RUNPATH_SEARCH_PATHS = (
					"$(inherited)",
					"@executable_path/Frameworks",
					"@loader_path/Frameworks",
				);
				PRODUCT_BUNDLE_IDENTIFIER = com.jps.JUnitTestsTests;
				PRODUCT_NAME = "$(TARGET_NAME)";
				SWIFT_VERSION = 5.0;
				TARGETED_DEVICE_FAMILY = "1,2";
				TEST_HOST = "$(BUILT_PRODUCTS_DIR)/JUnitTests.app/JUnitTests";
			};
			name = Debug;
		};
		A08BF4A525E39E8700E0AFF4 /* Release */ = {
			isa = XCBuildConfiguration;
			buildSettings = {
				ALWAYS_EMBED_SWIFT_STANDARD_LIBRARIES = YES;
				BUNDLE_LOADER = "$(TEST_HOST)";
				CODE_SIGN_STYLE = Automatic;
				INFOPLIST_FILE = JUnitTestsTests/Info.plist;
				IPHONEOS_DEPLOYMENT_TARGET = 14.0;
				LD_RUNPATH_SEARCH_PATHS = (
					"$(inherited)",
					"@executable_path/Frameworks",
					"@loader_path/Frameworks",
				);
				PRODUCT_BUNDLE_IDENTIFIER = com.jps.JUnitTestsTests;
				PRODUCT_NAME = "$(TARGET_NAME)";
				SWIFT_VERSION = 5.0;
				TARGETED_DEVICE_FAMILY = "1,2";
				TEST_HOST = "$(BUILT_PRODUCTS_DIR)/JUnitTests.app/JUnitTests";
			};
			name = Release;
		};
		A08BF4A725E39E8700E0AFF4 /* Debug */ = {
			isa = XCBuildConfiguration;
			buildSettings = {
				ALWAYS_EMBED_SWIFT_STANDARD_LIBRARIES = YES;
				CODE_SIGN_STYLE = Automatic;
				INFOPLIST_FILE = JUnitTestsUITests/Info.plist;
				LD_RUNPATH_SEARCH_PATHS = (
					"$(inherited)",
					"@executable_path/Frameworks",
					"@loader_path/Frameworks",
				);
				PRODUCT_BUNDLE_IDENTIFIER = com.jps.JUnitTestsUITests;
				PRODUCT_NAME = "$(TARGET_NAME)";
				SWIFT_VERSION = 5.0;
				TARGETED_DEVICE_FAMILY = "1,2";
				TEST_TARGET_NAME = JUnitTests;
			};
			name = Debug;
		};
		A08BF4A825E39E8700E0AFF4 /* Release */ = {
			isa = XCBuildConfiguration;
			buildSettings = {
				ALWAYS_EMBED_SWIFT_STANDARD_LIBRARIES = YES;
				CODE_SIGN_STYLE = Automatic;
				INFOPLIST_FILE = JUnitTestsUITests/Info.plist;
				LD_RUNPATH_SEARCH_PATHS = (
					"$(inherited)",
					"@executable_path/Frameworks",
					"@loader_path/Frameworks",
				);
				PRODUCT_BUNDLE_IDENTIFIER = com.jps.JUnitTestsUITests;
				PRODUCT_NAME = "$(TARGET_NAME)";
				SWIFT_VERSION = 5.0;
				TARGETED_DEVICE_FAMILY = "1,2";
				TEST_TARGET_NAME = JUnitTests;
			};
			name = Release;
		};
/* End XCBuildConfiguration section */

/* Begin XCConfigurationList section */
		A08BF47125E39E8600E0AFF4 /* Build configuration list for PBXProject "JUnitTests" */ = {
			isa = XCConfigurationList;
			buildConfigurations = (
				A08BF49E25E39E8700E0AFF4 /* Debug */,
				A08BF49F25E39E8700E0AFF4 /* Release */,
			);
			defaultConfigurationIsVisible = 0;
			defaultConfigurationName = Release;
		};
		A08BF4A025E39E8700E0AFF4 /* Build configuration list for PBXNativeTarget "JUnitTests" */ = {
			isa = XCConfigurationList;
			buildConfigurations = (
				A08BF4A125E39E8700E0AFF4 /* Debug */,
				A08BF4A225E39E8700E0AFF4 /* Release */,
			);
			defaultConfigurationIsVisible = 0;
			defaultConfigurationName = Release;
		};
		A08BF4A325E39E8700E0AFF4 /* Build configuration list for PBXNativeTarget "JUnitTestsTests" */ = {
			isa = XCConfigurationList;
			buildConfigurations = (
				A08BF4A425E39E8700E0AFF4 /* Debug */,
				A08BF4A525E39E8700E0AFF4 /* Release */,
			);
			defaultConfigurationIsVisible = 0;
			defaultConfigurationName = Release;
		};
		A08BF4A625E39E8700E0AFF4 /* Build configuration list for PBXNativeTarget "JUnitTestsUITests" */ = {
			isa = XCConfigurationList;
			buildConfigurations = (
				A08BF4A725E39E8700E0AFF4 /* Debug */,
				A08BF4A825E39E8700E0AFF4 /* Release */,
			);
			defaultConfigurationIsVisible = 0;
			defaultConfigurationName = Release;
		};
/* End XCConfigurationList section */
	};
	rootObject = A08BF46E25E39E8600E0AFF4 /* Project object */;
}
